
Microsoft Visual Studio Solution File, Format Version 12.00
# Visual Studio Version 17
VisualStudioVersion = 17.4.33213.308
MinimumVisualStudioVersion = 10.0.40219.1
Project("{9A19103F-16F7-4668-BE54-9A1E7A4F7556}") = "1_firstAssignment_GYGY2023", "1_firstAssignment_GYGY2023\1_firstAssignment_GYGY2023.csproj", "{1472034C-527B-40A3-85FC-7D8886F4511F}"
EndProject
Project("{9A19103F-16F7-4668-BE54-9A1E7A4F7556}") = "2_secondAssignment_GYGY2023", "2_secondAssignment_GYGY2023\2_secondAssignment_GYGY2023.csproj", "{D0848C41-F35A-493E-98F7-DB3C96D568BE}"
EndProject
Project("{9A19103F-16F7-4668-BE54-9A1E7A4F7556}") = "3_thirdAssignment_GYGY2023", "3_thirdAssignment_GYGY2023\3_thirdAssignment_GYGY2023.csproj", "{5C895740-9A4D-4A7E-8833-239DD48CBAB6}"
EndProject
Project("{9A19103F-16F7-4668-BE54-9A1E7A4F7556}") = "4_fourthAssignment_GYGY2023", "4_fourthAssignment_GYGY2023\4_fourthAssignment_GYGY2023.csproj", "{78ED9AB3-7CF9-4B0F-B425-EF32FDE3D750}"
EndProject
Project("{9A19103F-16F7-4668-BE54-9A1E7A4F7556}") = "5_fifthAssignment_GYGY2023", "5_fifthAssignment_GYGY2023\5_fifthAssignment_GYGY2023.csproj", "{BFBEC802-87B7-4D2B-8F86-FEBB16B4915A}"
EndProject
Project("{9A19103F-16F7-4668-BE54-9A1E7A4F7556}") = "6_sixthAssignment_GYGY2023", "6_sixthAssignment_GYGY2023\6_sixthAssignment_GYGY2023.csproj", "{0566E494-9518-4368-85E9-52BE8D059E91}"
EndProject
Project("{9A19103F-16F7-4668-BE54-9A1E7A4F7556}") = "7_seventhAssignment_GYGY2023", "7_seventhAssignment_GYGY2023\7_seventhAssignment_GYGY2023.csproj", "{AC1699EB-C229-45A4-A2BA-51ADFA733F7A}"
EndProject
Project("{9A19103F-16F7-4668-BE54-9A1E7A4F7556}") = "8_eighthAssignment_GYGY2023", "8_eighthAssignment_GYGY2023\8_eighthAssignment_GYGY2023.csproj", "{1AC2E05E-8720-44E0-A3C5-4ABB449F4AC4}"
EndProject
Project("{9A19103F-16F7-4668-BE54-9A1E7A4F7556}") = "9_ninthAssignment_GYGY2023", "9_ninthAssignment_GYGY2023\9_ninthAssignment_GYGY2023.csproj", "{72FE2E51-A7C1-48C1-AAD8-A4ED57E8CE81}"
EndProject
Project("{FAE04EC0-301F-11D3-BF4B-00C04F79EFBC}") = "10_highSchoolAssignment_GYGY2023", "10_highSchoolAssignment_GYGY2023\10_highSchoolAssignment_GYGY2023.csproj", "{C8303D88-A824-44B1-9806-4C6BABA372DB}"
EndProject
Global
	GlobalSection(SolutionConfigurationPlatforms) = preSolution
		Debug|Any CPU = Debug|Any CPU
		Release|Any CPU = Release|Any CPU
	EndGlobalSection
	GlobalSection(ProjectConfigurationPlatforms) = postSolution
		{1472034C-527B-40A3-85FC-7D8886F4511F}.Debug|Any CPU.ActiveCfg = Debug|Any CPU
		{1472034C-527B-40A3-85FC-7D8886F4511F}.Debug|Any CPU.Build.0 = Debug|Any CPU
		{1472034C-527B-40A3-85FC-7D8886F4511F}.Release|Any CPU.ActiveCfg = Release|Any CPU
		{1472034C-527B-40A3-85FC-7D8886F4511F}.Release|Any CPU.Build.0 = Release|Any CPU
		{D0848C41-F35A-493E-98F7-DB3C96D568BE}.Debug|Any CPU.ActiveCfg = Debug|Any CPU
		{D0848C41-F35A-493E-98F7-DB3C96D568BE}.Debug|Any CPU.Build.0 = Debug|Any CPU
		{D0848C41-F35A-493E-98F7-DB3C96D568BE}.Release|Any CPU.ActiveCfg = Release|Any CPU
		{D0848C41-F35A-493E-98F7-DB3C96D568BE}.Release|Any CPU.Build.0 = Release|Any CPU
		{5C895740-9A4D-4A7E-8833-239DD48CBAB6}.Debug|Any CPU.ActiveCfg = Debug|Any CPU
		{5C895740-9A4D-4A7E-8833-239DD48CBAB6}.Debug|Any CPU.Build.0 = Debug|Any CPU
		{5C895740-9A4D-4A7E-8833-239DD48CBAB6}.Release|Any CPU.ActiveCfg = Release|Any CPU
		{5C895740-9A4D-4A7E-8833-239DD48CBAB6}.Release|Any CPU.Build.0 = Release|Any CPU
		{78ED9AB3-7CF9-4B0F-B425-EF32FDE3D750}.Debug|Any CPU.ActiveCfg = Debug|Any CPU
		{78ED9AB3-7CF9-4B0F-B425-EF32FDE3D750}.Debug|Any CPU.Build.0 = Debug|Any CPU
		{78ED9AB3-7CF9-4B0F-B425-EF32FDE3D750}.Release|Any CPU.ActiveCfg = Release|Any CPU
		{78ED9AB3-7CF9-4B0F-B425-EF32FDE3D750}.Release|Any CPU.Build.0 = Release|Any CPU
		{BFBEC802-87B7-4D2B-8F86-FEBB16B4915A}.Debug|Any CPU.ActiveCfg = Debug|Any CPU
		{BFBEC802-87B7-4D2B-8F86-FEBB16B4915A}.Debug|Any CPU.Build.0 = Debug|Any CPU
		{BFBEC802-87B7-4D2B-8F86-FEBB16B4915A}.Release|Any CPU.ActiveCfg = Release|Any CPU
		{BFBEC802-87B7-4D2B-8F86-FEBB16B4915A}.Release|Any CPU.Build.0 = Release|Any CPU
		{0566E494-9518-4368-85E9-52BE8D059E91}.Debug|Any CPU.ActiveCfg = Debug|Any CPU
		{0566E494-9518-4368-85E9-52BE8D059E91}.Debug|Any CPU.Build.0 = Debug|Any CPU
		{0566E494-9518-4368-85E9-52BE8D059E91}.Release|Any CPU.ActiveCfg = Release|Any CPU
		{0566E494-9518-4368-85E9-52BE8D059E91}.Release|Any CPU.Build.0 = Release|Any CPU
		{AC1699EB-C229-45A4-A2BA-51ADFA733F7A}.Debug|Any CPU.ActiveCfg = Debug|Any CPU
		{AC1699EB-C229-45A4-A2BA-51ADFA733F7A}.Debug|Any CPU.Build.0 = Debug|Any CPU
		{AC1699EB-C229-45A4-A2BA-51ADFA733F7A}.Release|Any CPU.ActiveCfg = Release|Any CPU
		{AC1699EB-C229-45A4-A2BA-51ADFA733F7A}.Release|Any CPU.Build.0 = Release|Any CPU
		{1AC2E05E-8720-44E0-A3C5-4ABB449F4AC4}.Debug|Any CPU.ActiveCfg = Debug|Any CPU
		{1AC2E05E-8720-44E0-A3C5-4ABB449F4AC4}.Debug|Any CPU.Build.0 = Debug|Any CPU
		{1AC2E05E-8720-44E0-A3C5-4ABB449F4AC4}.Release|Any CPU.ActiveCfg = Release|Any CPU
		{1AC2E05E-8720-44E0-A3C5-4ABB449F4AC4}.Release|Any CPU.Build.0 = Release|Any CPU
		{72FE2E51-A7C1-48C1-AAD8-A4ED57E8CE81}.Debug|Any CPU.ActiveCfg = Debug|Any CPU
		{72FE2E51-A7C1-48C1-AAD8-A4ED57E8CE81}.Debug|Any CPU.Build.0 = Debug|Any CPU
		{72FE2E51-A7C1-48C1-AAD8-A4ED57E8CE81}.Release|Any CPU.ActiveCfg = Release|Any CPU
		{72FE2E51-A7C1-48C1-AAD8-A4ED57E8CE81}.Release|Any CPU.Build.0 = Release|Any CPU
		{C8303D88-A824-44B1-9806-4C6BABA372DB}.Debug|Any CPU.ActiveCfg = Debug|Any CPU
		{C8303D88-A824-44B1-9806-4C6BABA372DB}.Debug|Any CPU.Build.0 = Debug|Any CPU
		{C8303D88-A824-44B1-9806-4C6BABA372DB}.Release|Any CPU.ActiveCfg = Release|Any CPU
		{C8303D88-A824-44B1-9806-4C6BABA372DB}.Release|Any CPU.Build.0 = Release|Any CPU
	EndGlobalSection
	GlobalSection(SolutionProperties) = preSolution
		HideSolutionNode = FALSE
	EndGlobalSection
	GlobalSection(ExtensibilityGlobals) = postSolution
		SolutionGuid = {D5E42C2B-6FDA-48E1-9E79-29A339210B95}
	EndGlobalSection
EndGlobal
